
Microsoft Visual Studio Solution File, Format Version 12.00
# Visual Studio Version 17
VisualStudioVersion = 17.8.34525.116
MinimumVisualStudioVersion = 10.0.40219.1
Project("{FAE04EC0-301F-11D3-BF4B-00C04F79EFBC}") = "TestProject1", "TestProject1\TestProject1.csproj", "{BF19FA3E-DDFD-4A90-B624-8AE20AA42DFE}"
EndProject
Global
	GlobalSection(SolutionConfigurationPlatforms) = preSolution
		Debug|Any CPU = Debug|Any CPU
		Release|Any CPU = Release|Any CPU
	EndGlobalSection
	GlobalSection(ProjectConfigurationPlatforms) = postSolution
		{BF19FA3E-DDFD-4A90-B624-8AE20AA42DFE}.Debug|Any CPU.ActiveCfg = Debug|Any CPU
		{BF19FA3E-DDFD-4A90-B624-8AE20AA42DFE}.Debug|Any CPU.Build.0 = Debug|Any CPU
		{BF19FA3E-DDFD-4A90-B624-8AE20AA42DFE}.Release|Any CPU.ActiveCfg = Release|Any CPU
		{BF19FA3E-DDFD-4A90-B624-8AE20AA42DFE}.Release|Any CPU.Build.0 = Release|Any CPU
	EndGlobalSection
	GlobalSection(SolutionProperties) = preSolution
		HideSolutionNode = FALSE
	EndGlobalSection
	GlobalSection(ExtensibilityGlobals) = postSolution
		SolutionGuid = {0EE3D976-BD1A-4C53-8E7B-96835AAE8278}
	EndGlobalSection
EndGlobal
